// !$*UTF8*$!
{
	archiveVersion = 1;
	classes = {
	};
	objectVersion = 77;
	objects = {

/* Begin PBXBuildFile section */
		6D07960B2E9DC09A0096EC8A /* PortPalApp.swift in Sources */ = {isa = PBXBuildFile; fileRef = 6D07960A2E9DC09A0096EC8A /* PortPalApp.swift */; };
/* End PBXBuildFile section */

/* Begin PBXContainerItemProxy section */
		6D0796172E9DC09C0096EC8A /* PBXContainerItemProxy */ = {
			isa = PBXContainerItemProxy;
			containerPortal = 6D0795FF2E9DC09A0096EC8A /* Project object */;
			proxyType = 1;
			remoteGlobalIDString = 6D0796062E9DC09A0096EC8A;
			remoteInfo = PortPal;
		};
		6D0796212E9DC09C0096EC8A /* PBXContainerItemProxy */ = {
			isa = PBXContainerItemProxy;
			containerPortal = 6D0795FF2E9DC09A0096EC8A /* Project object */;
			proxyType = 1;
			remoteGlobalIDString = 6D0796062E9DC09A0096EC8A;
			remoteInfo = PortPal;
		};
/* End PBXContainerItemProxy section */

/* Begin PBXFileReference section */
		6D0796072E9DC09A0096EC8A /* PortPal.app */ = {isa = PBXFileReference; explicitFileType = wrapper.application; includeInIndex = 0; path = PortPal.app; sourceTree = BUILT_PRODUCTS_DIR; };
		6D07960A2E9DC09A0096EC8A /* PortPalApp.swift */ = {isa = PBXFileReference; lastKnownFileType = sourcecode.swift; path = PortPalApp.swift; sourceTree = "<group>"; };
		6D0796162E9DC09C0096EC8A /* PortPalTests.xctest */ = {isa = PBXFileReference; explicitFileType = wrapper.cfbundle; includeInIndex = 0; path = PortPalTests.xctest; sourceTree = BUILT_PRODUCTS_DIR; };
		6D0796202E9DC09C0096EC8A /* PortPalUITests.xctest */ = {isa = PBXFileReference; explicitFileType = wrapper.cfbundle; includeInIndex = 0; path = PortPalUITests.xctest; sourceTree = BUILT_PRODUCTS_DIR; };
/* End PBXFileReference section */

/* Begin PBXFileSystemSynchronizedRootGroup section */
		6D0796092E9DC09A0096EC8A /* PortPal */ = {
			isa = PBXFileSystemSynchronizedRootGroup;
			path = PortPal;
			sourceTree = "<group>";
		};
		6D0796192E9DC09C0096EC8A /* PortPalTests */ = {
			isa = PBXFileSystemSynchronizedRootGroup;
			path = PortPalTests;
			sourceTree = "<group>";
		};
		6D0796232E9DC09C0096EC8A /* PortPalUITests */ = {
			isa = PBXFileSystemSynchronizedRootGroup;
			path = PortPalUITests;
			sourceTree = "<group>";
		};
		6D0796352E9DC0D30096EC8A /* Models */ = {
			isa = PBXFileSystemSynchronizedRootGroup;
			path = Models;
			sourceTree = "<group>";
		};
		6D0796362E9DC0DD0096EC8A /* ViewModels */ = {
			isa = PBXFileSystemSynchronizedRootGroup;
			path = ViewModels;
			sourceTree = "<group>";
		};
		6D0796372E9DC0E60096EC8A /* Views */ = {
			isa = PBXFileSystemSynchronizedRootGroup;
			path = Views;
			sourceTree = "<group>";
		};
		6D0796382E9DC0ED0096EC8A /* Utilities */ = {
			isa = PBXFileSystemSynchronizedRootGroup;
			path = Utilities;
			sourceTree = "<group>";
		};
/* End PBXFileSystemSynchronizedRootGroup section */

/* Begin PBXFrameworksBuildPhase section */
		6D0796042E9DC09A0096EC8A /* Frameworks */ = {
			isa = PBXFrameworksBuildPhase;
			buildActionMask = 2147483647;
			files = (
			);
			runOnlyForDeploymentPostprocessing = 0;
		};
		6D0796132E9DC09C0096EC8A /* Frameworks */ = {
			isa = PBXFrameworksBuildPhase;
			buildActionMask = 2147483647;
			files = (
			);
			runOnlyForDeploymentPostprocessing = 0;
		};
		6D07961D2E9DC09C0096EC8A /* Frameworks */ = {
			isa = PBXFrameworksBuildPhase;
			buildActionMask = 2147483647;
			files = (
			);
			runOnlyForDeploymentPostprocessing = 0;
		};
/* End PBXFrameworksBuildPhase section */

/* Begin PBXGroup section */
		6D0795FE2E9DC09A0096EC8A = {
			isa = PBXGroup;
			children = (
				6D0796382E9DC0ED0096EC8A /* Utilities */,
				6D0796372E9DC0E60096EC8A /* Views */,
				6D0796362E9DC0DD0096EC8A /* ViewModels */,
				6D0796352E9DC0D30096EC8A /* Models */,
				6D07960A2E9DC09A0096EC8A /* PortPalApp.swift */,
				6D0796092E9DC09A0096EC8A /* PortPal */,
				6D0796192E9DC09C0096EC8A /* PortPalTests */,
				6D0796232E9DC09C0096EC8A /* PortPalUITests */,
				6D0796082E9DC09A0096EC8A /* Products */,
			);
			sourceTree = "<group>";
		};
		6D0796082E9DC09A0096EC8A /* Products */ = {
			isa = PBXGroup;
			children = (
				6D0796072E9DC09A0096EC8A /* PortPal.app */,
				6D0796162E9DC09C0096EC8A /* PortPalTests.xctest */,
				6D0796202E9DC09C0096EC8A /* PortPalUITests.xctest */,
			);
			name = Products;
			sourceTree = "<group>";
		};
/* End PBXGroup section */

/* Begin PBXNativeTarget section */
		6D0796062E9DC09A0096EC8A /* PortPal */ = {
			isa = PBXNativeTarget;
			buildConfigurationList = 6D07962A2E9DC09C0096EC8A /* Build configuration list for PBXNativeTarget "PortPal" */;
			buildPhases = (
				6D0796032E9DC09A0096EC8A /* Sources */,
				6D0796042E9DC09A0096EC8A /* Frameworks */,
				6D0796052E9DC09A0096EC8A /* Resources */,
			);
			buildRules = (
			);
			dependencies = (
			);
			fileSystemSynchronizedGroups = (
				6D0796092E9DC09A0096EC8A /* PortPal */,
				6D0796352E9DC0D30096EC8A /* Models */,
				6D0796362E9DC0DD0096EC8A /* ViewModels */,
				6D0796372E9DC0E60096EC8A /* Views */,
				6D0796382E9DC0ED0096EC8A /* Utilities */,
			);
			name = PortPal;
			packageProductDependencies = (
			);
			productName = PortPal;
			productReference = 6D0796072E9DC09A0096EC8A /* PortPal.app */;
			productType = "com.apple.product-type.application";
		};
		6D0796152E9DC09C0096EC8A /* PortPalTests */ = {
			isa = PBXNativeTarget;
			buildConfigurationList = 6D07962D2E9DC09C0096EC8A /* Build configuration list for PBXNativeTarget "PortPalTests" */;
			buildPhases = (
				6D0796122E9DC09C0096EC8A /* Sources */,
				6D0796132E9DC09C0096EC8A /* Frameworks */,
				6D0796142E9DC09C0096EC8A /* Resources */,
			);
			buildRules = (
			);
			dependencies = (
				6D0796182E9DC09C0096EC8A /* PBXTargetDependency */,
			);
			fileSystemSynchronizedGroups = (
				6D0796192E9DC09C0096EC8A /* PortPalTests */,
			);
			name = PortPalTests;
			packageProductDependencies = (
			);
			productName = PortPalTests;
			productReference = 6D0796162E9DC09C0096EC8A /* PortPalTests.xctest */;
			productType = "com.apple.product-type.bundle.unit-test";
		};
		6D07961F2E9DC09C0096EC8A /* PortPalUITests */ = {
			isa = PBXNativeTarget;
			buildConfigurationList = 6D0796302E9DC09C0096EC8A /* Build configuration list for PBXNativeTarget "PortPalUITests" */;
			buildPhases = (
				6D07961C2E9DC09C0096EC8A /* Sources */,
				6D07961D2E9DC09C0096EC8A /* Frameworks */,
				6D07961E2E9DC09C0096EC8A /* Resources */,
			);
			buildRules = (
			);
			dependencies = (
				6D0796222E9DC09C0096EC8A /* PBXTargetDependency */,
			);
			fileSystemSynchronizedGroups = (
				6D0796232E9DC09C0096EC8A /* PortPalUITests */,
			);
			name = PortPalUITests;
			packageProductDependencies = (
			);
			productName = PortPalUITests;
			productReference = 6D0796202E9DC09C0096EC8A /* PortPalUITests.xctest */;
			productType = "com.apple.product-type.bundle.ui-testing";
		};
/* End PBXNativeTarget section */

/* Begin PBXProject section */
		6D0795FF2E9DC09A0096EC8A /* Project object */ = {
			isa = PBXProject;
			attributes = {
				BuildIndependentTargetsInParallel = 1;
				LastSwiftUpdateCheck = 2600;
				LastUpgradeCheck = 2600;
				TargetAttributes = {
					6D0796062E9DC09A0096EC8A = {
						CreatedOnToolsVersion = 26.0.1;
					};
					6D0796152E9DC09C0096EC8A = {
						CreatedOnToolsVersion = 26.0.1;
						TestTargetID = 6D0796062E9DC09A0096EC8A;
					};
					6D07961F2E9DC09C0096EC8A = {
						CreatedOnToolsVersion = 26.0.1;
						TestTargetID = 6D0796062E9DC09A0096EC8A;
					};
				};
			};
			buildConfigurationList = 6D0796022E9DC09A0096EC8A /* Build configuration list for PBXProject "PortPal" */;
			developmentRegion = en;
			hasScannedForEncodings = 0;
			knownRegions = (
				en,
				Base,
			);
			mainGroup = 6D0795FE2E9DC09A0096EC8A;
			minimizedProjectReferenceProxies = 1;
			preferredProjectObjectVersion = 77;
			productRefGroup = 6D0796082E9DC09A0096EC8A /* Products */;
			projectDirPath = "";
			projectRoot = "";
			targets = (
				6D0796062E9DC09A0096EC8A /* PortPal */,
				6D0796152E9DC09C0096EC8A /* PortPalTests */,
				6D07961F2E9DC09C0096EC8A /* PortPalUITests */,
			);
		};
/* End PBXProject section */

/* Begin PBXResourcesBuildPhase section */
		6D0796052E9DC09A0096EC8A /* Resources */ = {
			isa = PBXResourcesBuildPhase;
			buildActionMask = 2147483647;
			files = (
			);
			runOnlyForDeploymentPostprocessing = 0;
		};
		6D0796142E9DC09C0096EC8A /* Resources */ = {
			isa = PBXResourcesBuildPhase;
			buildActionMask = 2147483647;
			files = (
			);
			runOnlyForDeploymentPostprocessing = 0;
		};
		6D07961E2E9DC09C0096EC8A /* Resources */ = {
			isa = PBXResourcesBuildPhase;
			buildActionMask = 2147483647;
			files = (
			);
			runOnlyForDeploymentPostprocessing = 0;
		};
/* End PBXResourcesBuildPhase section */

/* Begin PBXSourcesBuildPhase section */
		6D0796032E9DC09A0096EC8A /* Sources */ = {
			isa = PBXSourcesBuildPhase;
			buildActionMask = 2147483647;
			files = (
				6D07960B2E9DC09A0096EC8A /* PortPalApp.swift in Sources */,
			);
			runOnlyForDeploymentPostprocessing = 0;
		};
		6D0796122E9DC09C0096EC8A /* Sources */ = {
			isa = PBXSourcesBuildPhase;
			buildActionMask = 2147483647;
			files = (
			);
			runOnlyForDeploymentPostprocessing = 0;
		};
		6D07961C2E9DC09C0096EC8A /* Sources */ = {
			isa = PBXSourcesBuildPhase;
			buildActionMask = 2147483647;
			files = (
			);
			runOnlyForDeploymentPostprocessing = 0;
		};
/* End PBXSourcesBuildPhase section */

/* Begin PBXTargetDependency section */
		6D0796182E9DC09C0096EC8A /* PBXTargetDependency */ = {
			isa = PBXTargetDependency;
			target = 6D0796062E9DC09A0096EC8A /* PortPal */;
			targetProxy = 6D0796172E9DC09C0096EC8A /* PBXContainerItemProxy */;
		};
		6D0796222E9DC09C0096EC8A /* PBXTargetDependency */ = {
			isa = PBXTargetDependency;
			target = 6D0796062E9DC09A0096EC8A /* PortPal */;
			targetProxy = 6D0796212E9DC09C0096EC8A /* PBXContainerItemProxy */;
		};
/* End PBXTargetDependency section */

/* Begin XCBuildConfiguration section */
		6D0796282E9DC09C0096EC8A /* Debug */ = {
			isa = XCBuildConfiguration;
			buildSettings = {
				ALWAYS_SEARCH_USER_PATHS = NO;
				ASSETCATALOG_COMPILER_GENERATE_SWIFT_ASSET_SYMBOL_EXTENSIONS = YES;
				CLANG_ANALYZER_NONNULL = YES;
				CLANG_ANALYZER_NUMBER_OBJECT_CONVERSION = YES_AGGRESSIVE;
				CLANG_CXX_LANGUAGE_STANDARD = "gnu++20";
				CLANG_ENABLE_MODULES = YES;
				CLANG_ENABLE_OBJC_ARC = YES;
				CLANG_ENABLE_OBJC_WEAK = YES;
				CLANG_WARN_BLOCK_CAPTURE_AUTORELEASING = YES;
				CLANG_WARN_BOOL_CONVERSION = YES;
				CLANG_WARN_COMMA = YES;
				CLANG_WARN_CONSTANT_CONVERSION = YES;
				CLANG_WARN_DEPRECATED_OBJC_IMPLEMENTATIONS = YES;
				CLANG_WARN_DIRECT_OBJC_ISA_USAGE = YES_ERROR;
				CLANG_WARN_DOCUMENTATION_COMMENTS = YES;
				CLANG_WARN_EMPTY_BODY = YES;
				CLANG_WARN_ENUM_CONVERSION = YES;
				CLANG_WARN_INFINITE_RECURSION = YES;
				CLANG_WARN_INT_CONVERSION = YES;
				CLANG_WARN_NON_LITERAL_NULL_CONVERSION = YES;
				CLANG_WARN_OBJC_IMPLICIT_RETAIN_SELF = YES;
				CLANG_WARN_OBJC_LITERAL_CONVERSION = YES;
				CLANG_WARN_OBJC_ROOT_CLASS = YES_ERROR;
				CLANG_WARN_QUOTED_INCLUDE_IN_FRAMEWORK_HEADER = YES;
				CLANG_WARN_RANGE_LOOP_ANALYSIS = YES;
				CLANG_WARN_STRICT_PROTOTYPES = YES;
				CLANG_WARN_SUSPICIOUS_MOVE = YES;
				CLANG_WARN_UNGUARDED_AVAILABILITY = YES_AGGRESSIVE;
				CLANG_WARN_UNREACHABLE_CODE = YES;
				CLANG_WARN__DUPLICATE_METHOD_MATCH = YES;
				COPY_PHASE_STRIP = NO;
				DEBUG_INFORMATION_FORMAT = dwarf;
				DEVELOPMENT_TEAM = RB657RW2UW;
				ENABLE_STRICT_OBJC_MSGSEND = YES;
				ENABLE_TESTABILITY = YES;
				ENABLE_USER_SCRIPT_SANDBOXING = YES;
				GCC_C_LANGUAGE_STANDARD = gnu17;
				GCC_DYNAMIC_NO_PIC = NO;
				GCC_NO_COMMON_BLOCKS = YES;
				GCC_OPTIMIZATION_LEVEL = 0;
				GCC_PREPROCESSOR_DEFINITIONS = (
					"DEBUG=1",
					"$(inherited)",
				);
				GCC_WARN_64_TO_32_BIT_CONVERSION = YES;
				GCC_WARN_ABOUT_RETURN_TYPE = YES_ERROR;
				GCC_WARN_UNDECLARED_SELECTOR = YES;
				GCC_WARN_UNINITIALIZED_AUTOS = YES_AGGRESSIVE;
				GCC_WARN_UNUSED_FUNCTION = YES;
				GCC_WARN_UNUSED_VARIABLE = YES;
				IPHONEOS_DEPLOYMENT_TARGET = 26.0;
				LOCALIZATION_PREFERS_STRING_CATALOGS = YES;
				MTL_ENABLE_DEBUG_INFO = INCLUDE_SOURCE;
				MTL_FAST_MATH = YES;
				ONLY_ACTIVE_ARCH = YES;
				SDKROOT = iphoneos;
				SWIFT_ACTIVE_COMPILATION_CONDITIONS = "DEBUG $(inherited)";
				SWIFT_OPTIMIZATION_LEVEL = "-Onone";
			};
			name = Debug;
		};
		6D0796292E9DC09C0096EC8A /* Release */ = {
			isa = XCBuildConfiguration;
			buildSettings = {
				ALWAYS_SEARCH_USER_PATHS = NO;
				ASSETCATALOG_COMPILER_GENERATE_SWIFT_ASSET_SYMBOL_EXTENSIONS = YES;
				CLANG_ANALYZER_NONNULL = YES;
				CLANG_ANALYZER_NUMBER_OBJECT_CONVERSION = YES_AGGRESSIVE;
				CLANG_CXX_LANGUAGE_STANDARD = "gnu++20";
				CLANG_ENABLE_MODULES = YES;
				CLANG_ENABLE_OBJC_ARC = YES;
				CLANG_ENABLE_OBJC_WEAK = YES;
				CLANG_WARN_BLOCK_CAPTURE_AUTORELEASING = YES;
				CLANG_WARN_BOOL_CONVERSION = YES;
				CLANG_WARN_COMMA = YES;
				CLANG_WARN_CONSTANT_CONVERSION = YES;
				CLANG_WARN_DEPRECATED_OBJC_IMPLEMENTATIONS = YES;
				CLANG_WARN_DIRECT_OBJC_ISA_USAGE = YES_ERROR;
				CLANG_WARN_DOCUMENTATION_COMMENTS = YES;
				CLANG_WARN_EMPTY_BODY = YES;
				CLANG_WARN_ENUM_CONVERSION = YES;
				CLANG_WARN_INFINITE_RECURSION = YES;
				CLANG_WARN_INT_CONVERSION = YES;
				CLANG_WARN_NON_LITERAL_NULL_CONVERSION = YES;
				CLANG_WARN_OBJC_IMPLICIT_RETAIN_SELF = YES;
				CLANG_WARN_OBJC_LITERAL_CONVERSION = YES;
				CLANG_WARN_OBJC_ROOT_CLASS = YES_ERROR;
				CLANG_WARN_QUOTED_INCLUDE_IN_FRAMEWORK_HEADER = YES;
				CLANG_WARN_RANGE_LOOP_ANALYSIS = YES;
				CLANG_WARN_STRICT_PROTOTYPES = YES;
				CLANG_WARN_SUSPICIOUS_MOVE = YES;
				CLANG_WARN_UNGUARDED_AVAILABILITY = YES_AGGRESSIVE;
				CLANG_WARN_UNREACHABLE_CODE = YES;
				CLANG_WARN__DUPLICATE_METHOD_MATCH = YES;
				COPY_PHASE_STRIP = NO;
				DEBUG_INFORMATION_FORMAT = "dwarf-with-dsym";
				DEVELOPMENT_TEAM = RB657RW2UW;
				ENABLE_NS_ASSERTIONS = NO;
				ENABLE_STRICT_OBJC_MSGSEND = YES;
				ENABLE_USER_SCRIPT_SANDBOXING = YES;
				GCC_C_LANGUAGE_STANDARD = gnu17;
				GCC_NO_COMMON_BLOCKS = YES;
				GCC_WARN_64_TO_32_BIT_CONVERSION = YES;
				GCC_WARN_ABOUT_RETURN_TYPE = YES_ERROR;
				GCC_WARN_UNDECLARED_SELECTOR = YES;
				GCC_WARN_UNINITIALIZED_AUTOS = YES_AGGRESSIVE;
				GCC_WARN_UNUSED_FUNCTION = YES;
				GCC_WARN_UNUSED_VARIABLE = YES;
				IPHONEOS_DEPLOYMENT_TARGET = 26.0;
				LOCALIZATION_PREFERS_STRING_CATALOGS = YES;
				MTL_ENABLE_DEBUG_INFO = NO;
				MTL_FAST_MATH = YES;
				SDKROOT = iphoneos;
				SWIFT_COMPILATION_MODE = wholemodule;
				VALIDATE_PRODUCT = YES;
			};
			name = Release;
		};
		6D07962B2E9DC09C0096EC8A /* Debug */ = {
			isa = XCBuildConfiguration;
			buildSettings = {
				ASSETCATALOG_COMPILER_APPICON_NAME = AppIcon;
				ASSETCATALOG_COMPILER_GLOBAL_ACCENT_COLOR_NAME = AccentColor;
				ASSETCATALOG_COMPILER_INCLUDE_ALL_APPICON_ASSETS = YES;
				CODE_SIGN_STYLE = Automatic;
				CURRENT_PROJECT_VERSION = 1;
				DEVELOPMENT_TEAM = RB657RW2UW;
				ENABLE_PREVIEWS = YES;
				GENERATE_INFOPLIST_FILE = YES;
				INFOPLIST_KEY_CFBundleDisplayName = PortPal;
				INFOPLIST_KEY_LSApplicationCategoryType = "public.app-category.travel";
				INFOPLIST_KEY_UIApplicationSceneManifest_Generation = YES;
				INFOPLIST_KEY_UIApplicationSupportsIndirectInputEvents = YES;
				INFOPLIST_KEY_UILaunchScreen_Generation = YES;
				INFOPLIST_KEY_UISupportedInterfaceOrientations_iPad = "UIInterfaceOrientationPortrait UIInterfaceOrientationPortraitUpsideDown UIInterfaceOrientationLandscapeLeft UIInterfaceOrientationLandscapeRight";
				INFOPLIST_KEY_UISupportedInterfaceOrientations_iPhone = "UIInterfaceOrientationPortrait UIInterfaceOrientationLandscapeLeft UIInterfaceOrientationLandscapeRight";
				LD_RUNPATH_SEARCH_PATHS = (
					"$(inherited)",
					"@executable_path/Frameworks",
				);
				MARKETING_VERSION = 1.0;
				PRODUCT_BUNDLE_IDENTIFIER = com.joshgreen.PortPal;
				PRODUCT_NAME = "$(TARGET_NAME)";
				STRING_CATALOG_GENERATE_SYMBOLS = YES;
				SWIFT_APPROACHABLE_CONCURRENCY = YES;
				SWIFT_DEFAULT_ACTOR_ISOLATION = MainActor;
				SWIFT_EMIT_LOC_STRINGS = YES;
				SWIFT_UPCOMING_FEATURE_MEMBER_IMPORT_VISIBILITY = YES;
				SWIFT_VERSION = 5.0;
				TARGETED_DEVICE_FAMILY = "1,2";
			};
			name = Debug;
		};
		6D07962C2E9DC09C0096EC8A /* Release */ = {
			isa = XCBuildConfiguration;
			buildSettings = {
				ASSETCATALOG_COMPILER_APPICON_NAME = AppIcon;
				ASSETCATALOG_COMPILER_GLOBAL_ACCENT_COLOR_NAME = AccentColor;
				ASSETCATALOG_COMPILER_INCLUDE_ALL_APPICON_ASSETS = YES;
				CODE_SIGN_STYLE = Automatic;
				CURRENT_PROJECT_VERSION = 1;
				DEVELOPMENT_TEAM = RB657RW2UW;
				ENABLE_PREVIEWS = YES;
				GENERATE_INFOPLIST_FILE = YES;
				INFOPLIST_KEY_CFBundleDisplayName = PortPal;
				INFOPLIST_KEY_LSApplicationCategoryType = "public.app-category.travel";
				INFOPLIST_KEY_UIApplicationSceneManifest_Generation = YES;
				INFOPLIST_KEY_UIApplicationSupportsIndirectInputEvents = YES;
				INFOPLIST_KEY_UILaunchScreen_Generation = YES;
				INFOPLIST_KEY_UISupportedInterfaceOrientations_iPad = "UIInterfaceOrientationPortrait UIInterfaceOrientationPortraitUpsideDown UIInterfaceOrientationLandscapeLeft UIInterfaceOrientationLandscapeRight";
				INFOPLIST_KEY_UISupportedInterfaceOrientations_iPhone = "UIInterfaceOrientationPortrait UIInterfaceOrientationLandscapeLeft UIInterfaceOrientationLandscapeRight";
				LD_RUNPATH_SEARCH_PATHS = (
					"$(inherited)",
					"@executable_path/Frameworks",
				);
				MARKETING_VERSION = 1.0;
				PRODUCT_BUNDLE_IDENTIFIER = com.joshgreen.PortPal;
				PRODUCT_NAME = "$(TARGET_NAME)";
				STRING_CATALOG_GENERATE_SYMBOLS = YES;
				SWIFT_APPROACHABLE_CONCURRENCY = YES;
				SWIFT_DEFAULT_ACTOR_ISOLATION = MainActor;
				SWIFT_EMIT_LOC_STRINGS = YES;
				SWIFT_UPCOMING_FEATURE_MEMBER_IMPORT_VISIBILITY = YES;
				SWIFT_VERSION = 5.0;
				TARGETED_DEVICE_FAMILY = "1,2";
			};
			name = Release;
		};
		6D07962E2E9DC09C0096EC8A /* Debug */ = {
			isa = XCBuildConfiguration;
			buildSettings = {
				BUNDLE_LOADER = "$(TEST_HOST)";
				CODE_SIGN_STYLE = Automatic;
				CURRENT_PROJECT_VERSION = 1;
				DEVELOPMENT_TEAM = RB657RW2UW;
				GENERATE_INFOPLIST_FILE = YES;
				IPHONEOS_DEPLOYMENT_TARGET = 26.0;
				MARKETING_VERSION = 1.0;
				PRODUCT_BUNDLE_IDENTIFIER = com.joshgreen.PortPalTests;
				PRODUCT_NAME = "$(TARGET_NAME)";
				STRING_CATALOG_GENERATE_SYMBOLS = NO;
				SWIFT_APPROACHABLE_CONCURRENCY = YES;
				SWIFT_EMIT_LOC_STRINGS = NO;
				SWIFT_UPCOMING_FEATURE_MEMBER_IMPORT_VISIBILITY = YES;
				SWIFT_VERSION = 5.0;
				TARGETED_DEVICE_FAMILY = "1,2";
				TEST_HOST = "$(BUILT_PRODUCTS_DIR)/PortPal.app/$(BUNDLE_EXECUTABLE_FOLDER_PATH)/PortPal";
			};
			name = Debug;
		};
		6D07962F2E9DC09C0096EC8A /* Release */ = {
			isa = XCBuildConfiguration;
			buildSettings = {
				BUNDLE_LOADER = "$(TEST_HOST)";
				CODE_SIGN_STYLE = Automatic;
				CURRENT_PROJECT_VERSION = 1;
				DEVELOPMENT_TEAM = RB657RW2UW;
				GENERATE_INFOPLIST_FILE = YES;
				IPHONEOS_DEPLOYMENT_TARGET = 26.0;
				MARKETING_VERSION = 1.0;
				PRODUCT_BUNDLE_IDENTIFIER = com.joshgreen.PortPalTests;
				PRODUCT_NAME = "$(TARGET_NAME)";
				STRING_CATALOG_GENERATE_SYMBOLS = NO;
				SWIFT_APPROACHABLE_CONCURRENCY = YES;
				SWIFT_EMIT_LOC_STRINGS = NO;
				SWIFT_UPCOMING_FEATURE_MEMBER_IMPORT_VISIBILITY = YES;
				SWIFT_VERSION = 5.0;
				TARGETED_DEVICE_FAMILY = "1,2";
				TEST_HOST = "$(BUILT_PRODUCTS_DIR)/PortPal.app/$(BUNDLE_EXECUTABLE_FOLDER_PATH)/PortPal";
			};
			name = Release;
		};
		6D0796312E9DC09C0096EC8A /* Debug */ = {
			isa = XCBuildConfiguration;
			buildSettings = {
				CODE_SIGN_STYLE = Automatic;
				CURRENT_PROJECT_VERSION = 1;
				DEVELOPMENT_TEAM = RB657RW2UW;
				GENERATE_INFOPLIST_FILE = YES;
				MARKETING_VERSION = 1.0;
				PRODUCT_BUNDLE_IDENTIFIER = com.joshgreen.PortPalUITests;
				PRODUCT_NAME = "$(TARGET_NAME)";
				STRING_CATALOG_GENERATE_SYMBOLS = NO;
				SWIFT_APPROACHABLE_CONCURRENCY = YES;
				SWIFT_EMIT_LOC_STRINGS = NO;
				SWIFT_UPCOMING_FEATURE_MEMBER_IMPORT_VISIBILITY = YES;
				SWIFT_VERSION = 5.0;
				TARGETED_DEVICE_FAMILY = "1,2";
				TEST_TARGET_NAME = PortPal;
			};
			name = Debug;
		};
		6D0796322E9DC09C0096EC8A /* Release */ = {
			isa = XCBuildConfiguration;
			buildSettings = {
				CODE_SIGN_STYLE = Automatic;
				CURRENT_PROJECT_VERSION = 1;
				DEVELOPMENT_TEAM = RB657RW2UW;
				GENERATE_INFOPLIST_FILE = YES;
				MARKETING_VERSION = 1.0;
				PRODUCT_BUNDLE_IDENTIFIER = com.joshgreen.PortPalUITests;
				PRODUCT_NAME = "$(TARGET_NAME)";
				STRING_CATALOG_GENERATE_SYMBOLS = NO;
				SWIFT_APPROACHABLE_CONCURRENCY = YES;
				SWIFT_EMIT_LOC_STRINGS = NO;
				SWIFT_UPCOMING_FEATURE_MEMBER_IMPORT_VISIBILITY = YES;
				SWIFT_VERSION = 5.0;
				TARGETED_DEVICE_FAMILY = "1,2";
				TEST_TARGET_NAME = PortPal;
			};
			name = Release;
		};
/* End XCBuildConfiguration section */

/* Begin XCConfigurationList section */
		6D0796022E9DC09A0096EC8A /* Build configuration list for PBXProject "PortPal" */ = {
			isa = XCConfigurationList;
			buildConfigurations = (
				6D0796282E9DC09C0096EC8A /* Debug */,
				6D0796292E9DC09C0096EC8A /* Release */,
			);
			defaultConfigurationIsVisible = 0;
			defaultConfigurationName = Release;
		};
		6D07962A2E9DC09C0096EC8A /* Build configuration list for PBXNativeTarget "PortPal" */ = {
			isa = XCConfigurationList;
			buildConfigurations = (
				6D07962B2E9DC09C0096EC8A /* Debug */,
				6D07962C2E9DC09C0096EC8A /* Release */,
			);
			defaultConfigurationIsVisible = 0;
			defaultConfigurationName = Release;
		};
		6D07962D2E9DC09C0096EC8A /* Build configuration list for PBXNativeTarget "PortPalTests" */ = {
			isa = XCConfigurationList;
			buildConfigurations = (
				6D07962E2E9DC09C0096EC8A /* Debug */,
				6D07962F2E9DC09C0096EC8A /* Release */,
			);
			defaultConfigurationIsVisible = 0;
			defaultConfigurationName = Release;
		};
		6D0796302E9DC09C0096EC8A /* Build configuration list for PBXNativeTarget "PortPalUITests" */ = {
			isa = XCConfigurationList;
			buildConfigurations = (
				6D0796312E9DC09C0096EC8A /* Debug */,
				6D0796322E9DC09C0096EC8A /* Release */,
			);
			defaultConfigurationIsVisible = 0;
			defaultConfigurationName = Release;
		};
/* End XCConfigurationList section */
	};
	rootObject = 6D0795FF2E9DC09A0096EC8A /* Project object */;
}
